
Microsoft Visual Studio Solution File, Format Version 12.00
# Visual Studio Version 17
VisualStudioVersion = 17.8.34316.72
MinimumVisualStudioVersion = 10.0.40219.1
Project("{9A19103F-16F7-4668-BE54-9A1E7A4F7556}") = "CodeEditor2MarkdownPlugin", "CodeEditor2MarkdownPlugin\CodeEditor2MarkdownPlugin.csproj", "{67C5C692-BAD3-4FF7-A48F-D0F38C324A7A}"
EndProject
Project("{9A19103F-16F7-4668-BE54-9A1E7A4F7556}") = "CodeEditor2MarkdownPlugin.Desktop", "CodeEditor2MarkdownPlugin.Desktop\CodeEditor2MarkdownPlugin.Desktop.csproj", "{4310691C-8DDA-4647-80A1-8E8F652D398E}"
EndProject
Global
	GlobalSection(SolutionConfigurationPlatforms) = preSolution
		Debug|Any CPU = Debug|Any CPU
		Release|Any CPU = Release|Any CPU
	EndGlobalSection
	GlobalSection(ProjectConfigurationPlatforms) = postSolution
		{67C5C692-BAD3-4FF7-A48F-D0F38C324A7A}.Debug|Any CPU.ActiveCfg = Debug|Any CPU
		{67C5C692-BAD3-4FF7-A48F-D0F38C324A7A}.Debug|Any CPU.Build.0 = Debug|Any CPU
		{67C5C692-BAD3-4FF7-A48F-D0F38C324A7A}.Release|Any CPU.ActiveCfg = Release|Any CPU
		{67C5C692-BAD3-4FF7-A48F-D0F38C324A7A}.Release|Any CPU.Build.0 = Release|Any CPU
		{4310691C-8DDA-4647-80A1-8E8F652D398E}.Debug|Any CPU.ActiveCfg = Debug|Any CPU
		{4310691C-8DDA-4647-80A1-8E8F652D398E}.Debug|Any CPU.Build.0 = Debug|Any CPU
		{4310691C-8DDA-4647-80A1-8E8F652D398E}.Release|Any CPU.ActiveCfg = Release|Any CPU
		{4310691C-8DDA-4647-80A1-8E8F652D398E}.Release|Any CPU.Build.0 = Release|Any CPU
	EndGlobalSection
	GlobalSection(SolutionProperties) = preSolution
		HideSolutionNode = FALSE
	EndGlobalSection
	GlobalSection(ExtensibilityGlobals) = postSolution
		SolutionGuid = {D64E5D70-AB29-4111-8B13-D088CE0A6564}
	EndGlobalSection
EndGlobal
